# This file is generated by running "yarn install" inside your project.
# Manual changes might be lost - proceed with caution!

__metadata:
  version: 6

"@augu/eslint-config@workspace:.":
  version: 0.0.0-use.local
  resolution: "@augu/eslint-config@workspace:."
  peerDependencies:
    "@typescript-eslint/eslint-plugin": 5.36.1
    "@typescript-eslint/parser": 5.36.1
    eslint: 8.23.0
  languageName: unknown
  linkType: soft
